
Microsoft Visual Studio Solution File, Format Version 12.00
# Visual Studio Version 17
VisualStudioVersion = 17.3.32825.248
MinimumVisualStudioVersion = 10.0.40219.1
Project("{9A19103F-16F7-4668-BE54-9A1E7A4F7556}") = "JsonDataEngine", "JsonDataEngine\JsonDataEngine.csproj", "{0846639C-810D-40A9-BB1C-84C1440F2BD0}"
EndProject
Project("{9A19103F-16F7-4668-BE54-9A1E7A4F7556}") = "JsonDataEngineTests", "JsonDataEngineTests\JsonDataEngineTests.csproj", "{0E951F30-920F-49B1-A3C6-C98134870B32}"
EndProject
Global
	GlobalSection(SolutionConfigurationPlatforms) = preSolution
		Debug|Any CPU = Debug|Any CPU
		Release|Any CPU = Release|Any CPU
	EndGlobalSection
	GlobalSection(ProjectConfigurationPlatforms) = postSolution
		{0846639C-810D-40A9-BB1C-84C1440F2BD0}.Debug|Any CPU.ActiveCfg = Debug|Any CPU
		{0846639C-810D-40A9-BB1C-84C1440F2BD0}.Debug|Any CPU.Build.0 = Debug|Any CPU
		{0846639C-810D-40A9-BB1C-84C1440F2BD0}.Release|Any CPU.ActiveCfg = Release|Any CPU
		{0846639C-810D-40A9-BB1C-84C1440F2BD0}.Release|Any CPU.Build.0 = Release|Any CPU
		{0E951F30-920F-49B1-A3C6-C98134870B32}.Debug|Any CPU.ActiveCfg = Debug|Any CPU
		{0E951F30-920F-49B1-A3C6-C98134870B32}.Debug|Any CPU.Build.0 = Debug|Any CPU
		{0E951F30-920F-49B1-A3C6-C98134870B32}.Release|Any CPU.ActiveCfg = Release|Any CPU
		{0E951F30-920F-49B1-A3C6-C98134870B32}.Release|Any CPU.Build.0 = Release|Any CPU
	EndGlobalSection
	GlobalSection(SolutionProperties) = preSolution
		HideSolutionNode = FALSE
	EndGlobalSection
	GlobalSection(ExtensibilityGlobals) = postSolution
		SolutionGuid = {3725D6F6-6F10-4A73-959C-FFED7CFA8C06}
	EndGlobalSection
EndGlobal
